
Microsoft Visual Studio Solution File, Format Version 12.00
# Visual Studio 15
Project("{FAE04EC0-301F-11D3-BF4B-00C04F79EFBC}") = "Assembly-CSharp", "Assembly-CSharp.csproj", "{CCDE02E5-9CBB-1C76-A116-7019A698D687}"
EndProject
Global
	GlobalSection(SolutionConfigurationPlatforms) = preSolution
		Debug|Any CPU = Debug|Any CPU
		Release|Any CPU = Release|Any CPU
	EndGlobalSection
	GlobalSection(ProjectConfigurationPlatforms) = postSolution
		{CCDE02E5-9CBB-1C76-A116-7019A698D687}.Debug|Any CPU.ActiveCfg = Debug|Any CPU
		{CCDE02E5-9CBB-1C76-A116-7019A698D687}.Debug|Any CPU.Build.0 = Debug|Any CPU
		{CCDE02E5-9CBB-1C76-A116-7019A698D687}.Release|Any CPU.ActiveCfg = Release|Any CPU
		{CCDE02E5-9CBB-1C76-A116-7019A698D687}.Release|Any CPU.Build.0 = Release|Any CPU
	EndGlobalSection
	GlobalSection(SolutionProperties) = preSolution
		HideSolutionNode = FALSE
	EndGlobalSection
EndGlobal
